#MicroXplorer Configuration settings - do not modify
CAD.formats=
CAD.pinconfig=
CAD.provider=
CORTEX_M7.IPParameters=default_mode_Activation
CORTEX_M7.default_mode_Activation=1
File.Version=6
GPIO.groupedBy=Group By Peripherals
KeepUserPlacement=false
Mcu.CPN=STM32F746IGT6
Mcu.Family=STM32F7
Mcu.IP0=CORTEX_M7
Mcu.IP1=NVIC
Mcu.IP2=RCC
Mcu.IP3=SYS
Mcu.IP4=TIM7
Mcu.IPNb=5
Mcu.Name=STM32F746IGTx
Mcu.Package=LQFP176
Mcu.Pin0=PI8
Mcu.Pin1=PI11
Mcu.Pin10=PB7
Mcu.Pin11=VP_SYS_VS_Systick
Mcu.Pin12=VP_TIM7_VS_ClockSourceINT
Mcu.Pin2=PH0/OSC_IN
Mcu.Pin3=PH1/OSC_OUT
Mcu.Pin4=PH4
Mcu.Pin5=PG2
Mcu.Pin6=PG3
Mcu.Pin7=PD4
Mcu.Pin8=PD5
Mcu.Pin9=PB6
Mcu.PinsNb=13
Mcu.ThirdPartyNb=0
Mcu.UserConstants=
Mcu.UserName=STM32F746IGTx
MxCube.Version=6.18.1
MxDb.Version=DB.6.0.181
NVIC.BusFault_IRQn=true\:0\:0\:false\:false\:true\:false\:false\:false
NVIC.DebugMonitor_IRQn=true\:0\:0\:false\:false\:true\:false\:false\:false
NVIC.EXTI15_10_IRQn=true\:0\:0\:false\:false\:true\:true\:true\:true
NVIC.EXTI2_IRQn=true\:0\:0\:false\:false\:true\:true\:true\:true
NVIC.EXTI3_IRQn=true\:0\:0\:false\:false\:true\:true\:true\:true
NVIC.EXTI4_IRQn=true\:0\:0\:false\:false\:true\:true\:true\:true
NVIC.EXTI9_5_IRQn=true\:0\:0\:false\:false\:true\:true\:true\:true
NVIC.ForceEnableDMAVector=true
NVIC.HardFault_IRQn=true\:0\:0\:false\:false\:true\:false\:false\:false
NVIC.MemoryManagement_IRQn=true\:0\:0\:false\:false\:true\:false\:false\:false
NVIC.NonMaskableInt_IRQn=true\:0\:0\:false\:false\:true\:false\:false\:false
NVIC.PendSV_IRQn=true\:0\:0\:false\:false\:true\:false\:false\:false
NVIC.PriorityGroup=NVIC_PRIORITYGROUP_4
NVIC.SVCall_IRQn=true\:0\:0\:false\:false\:true\:false\:false\:false
NVIC.SysTick_IRQn=true\:15\:0\:false\:false\:true\:false\:true\:false
NVIC.TIM7_IRQn=true\:0\:0\:false\:false\:true\:true\:true\:true
NVIC.UsageFault_IRQn=true\:0\:0\:false\:false\:true\:false\:false\:false
PB6.GPIOParameters=GPIO_Label
PB6.GPIO_Label=LED1
PB6.Locked=true
PB6.Signal=GPIO_Output
PB7.GPIOParameters=GPIO_Label
PB7.GPIO_Label=LED2
PB7.Locked=true
PB7.Signal=GPIO_Output
PCC.Bar.Display=Horizontal Bar
PCC.Checker=false
PCC.Display=Plot\: All Steps
PCC.Line=STM32F7x6
PCC.MCU=STM32F746IGTx
PCC.PartNumber=STM32F746IGTx
PCC.SequenceTime=1.0 ms
PCC.SequenceTime.Unit=ms
PCC.Series=STM32F7
PCC.Temperature=25
PCC.Vdd=3.3
PD4.GPIOParameters=GPIO_PuPd,GPIO_Label,GPIO_ModeDefaultEXTI
PD4.GPIO_Label=JOYC
PD4.GPIO_ModeDefaultEXTI=GPIO_MODE_IT_RISING_FALLING
PD4.GPIO_PuPd=GPIO_PULLUP
PD4.Locked=true
PD4.Signal=GPXTI4
PD5.GPIOParameters=GPIO_PuPd,GPIO_Label,GPIO_ModeDefaultEXTI
PD5.GPIO_Label=JOYD
PD5.GPIO_ModeDefaultEXTI=GPIO_MODE_IT_RISING_FALLING
PD5.GPIO_PuPd=GPIO_PULLUP
PD5.Locked=true
PD5.Signal=GPXTI5
PG2.GPIOParameters=GPIO_PuPd,GPIO_Label,GPIO_ModeDefaultEXTI
PG2.GPIO_Label=JOYA
PG2.GPIO_ModeDefaultEXTI=GPIO_MODE_IT_RISING_FALLING
PG2.GPIO_PuPd=GPIO_PULLUP
PG2.Locked=true
PG2.Signal=GPXTI2
PG3.GPIOParameters=GPIO_PuPd,GPIO_Label,GPIO_ModeDefaultEXTI
PG3.GPIO_Label=JOYB
PG3.GPIO_ModeDefaultEXTI=GPIO_MODE_IT_RISING_FALLING
PG3.GPIO_PuPd=GPIO_PULLUP
PG3.Locked=true
PG3.Signal=GPXTI3
PH0/OSC_IN.Mode=HSE-External-Oscillator
PH0/OSC_IN.Signal=RCC_OSC_IN
PH1/OSC_OUT.Mode=HSE-External-Oscillator
PH1/OSC_OUT.Signal=RCC_OSC_OUT
PH4.GPIOParameters=GPIO_Label
PH4.GPIO_Label=LED3
PH4.Locked=true
PH4.Signal=GPIO_Output
PI11.GPIOParameters=GPIO_PuPd,GPIO_Label,GPIO_ModeDefaultEXTI
PI11.GPIO_Label=JOYCTR
PI11.GPIO_ModeDefaultEXTI=GPIO_MODE_IT_RISING_FALLING
PI11.GPIO_PuPd=GPIO_PULLUP
PI11.Locked=true
PI11.Signal=GPXTI11
PI8.GPIOParameters=GPIO_Label
PI8.GPIO_Label=LED4
PI8.Locked=true
PI8.Signal=GPIO_Output
PinOutPanel.RotationAngle=0
ProjectManager.AskForMigrate=true
ProjectManager.BackupPrevious=false
ProjectManager.CompilerLinker=GCC
ProjectManager.CompilerOptimize=6
ProjectManager.ComputerToolchain=false
ProjectManager.CoupleFile=true
ProjectManager.CustomerFirmwarePackage=
ProjectManager.DefaultFWLocation=true
ProjectManager.DeletePrevious=true
ProjectManager.DeviceId=STM32F746IGTx
ProjectManager.FirmwarePackage=STM32Cube FW_F7 V1.17.4
ProjectManager.FreePins=false
ProjectManager.FreePinsContext=
ProjectManager.HalAssertFull=false
ProjectManager.HeapSize=0x200
ProjectManager.KeepUserCode=true
ProjectManager.LastFirmware=true
ProjectManager.LibraryCopy=1
ProjectManager.MainLocation=Core/Src
ProjectManager.NoMain=true
ProjectManager.PreviousToolchain=
ProjectManager.ProjectBuild=false
ProjectManager.ProjectFileName=lab1.ioc
ProjectManager.ProjectName=lab1
ProjectManager.ProjectStructure=
ProjectManager.RegisterCallBack=
ProjectManager.StackSize=0x400
ProjectManager.TargetToolchain=CMake
ProjectManager.ToolChainLocation=
ProjectManager.UAScriptAfterPath=
ProjectManager.UAScriptBeforePath=
ProjectManager.UnderRoot=false
ProjectManager.functionlistsort=1-SystemClock_Config-RCC-false-HAL-false,2-MX_GPIO_Init-GPIO-false-HAL-false,3-MX_TIM7_Init-TIM7-false-HAL-true,0-MX_CORTEX_M7_Init-CORTEX_M7-false-HAL-true
RCC.AHBCLKDivider=RCC_SYSCLK_DIV1
RCC.AHBFreq_Value=50000000
RCC.APB1CLKDivider=RCC_HCLK_DIV1
RCC.APB1Freq_Value=50000000
RCC.APB1TimFreq_Value=50000000
RCC.APB2CLKDivider=RCC_HCLK_DIV1
RCC.APB2Freq_Value=50000000
RCC.APB2TimFreq_Value=50000000
RCC.CECFreq_Value=32786.88524590164
RCC.CortexFreq_Value=50000000
RCC.EthernetFreq_Value=50000000
RCC.FCLKCortexFreq_Value=50000000
RCC.FamilyName=M
RCC.HCLKFreq_Value=50000000
RCC.HSE_VALUE=8000000
RCC.HSI_VALUE=16000000
RCC.I2C1Freq_Value=50000000
RCC.I2C2Freq_Value=50000000
RCC.I2C3Freq_Value=50000000
RCC.I2C4Freq_Value=50000000
RCC.I2SFreq_Value=192000000
RCC.IPParameters=AHBCLKDivider,AHBFreq_Value,APB1CLKDivider,APB1Freq_Value,APB1TimFreq_Value,APB2CLKDivider,APB2Freq_Value,APB2TimFreq_Value,CECFreq_Value,CortexFreq_Value,EthernetFreq_Value,FCLKCortexFreq_Value,FamilyName,HCLKFreq_Value,HSE_VALUE,HSI_VALUE,I2C1Freq_Value,I2C2Freq_Value,I2C3Freq_Value,I2C4Freq_Value,I2SFreq_Value,LCDTFToutputFreq_Value,LPTIM1Freq_Value,LSE_VALUE,LSI_VALUE,MCO2PinFreq_Value,PLLCLKFreq_Value,PLLI2SPCLKFreq_Value,PLLI2SQCLKFreq_Value,PLLI2SRCLKFreq_Value,PLLI2SRoutputFreq_Value,PLLM,PLLN,PLLP,PLLQ,PLLQCLKFreq_Value,PLLQoutputFreq_Value,PLLSAIPCLKFreq_Value,PLLSAIQCLKFreq_Value,PLLSAIRCLKFreq_Value,PLLSAIoutputFreq_Value,PLLSourceVirtual,RNGFreq_Value,RTCClockSelection,SAI1Freq_Value,SAI2Freq_Value,SDMMCFreq_Value,SPDIFRXFreq_Value,SYSCLKFreq_VALUE,SYSCLKSource,SYSCLKSourceVirtual,UART4Freq_Value,UART5Freq_Value,UART7Freq_Value,UART8Freq_Value,USART1Freq_Value,USART2Freq_Value,USART3Freq_Value,USART6Freq_Value,USBFreq_Value,VCOI2SOutputFreq_Value,VCOInputFreq_Value,VCOOutputFreq_Value,VCOSAIOutputFreq_Value
RCC.LCDTFToutputFreq_Value=96000000
RCC.LPTIM1Freq_Value=50000000
RCC.LSE_VALUE=32768
RCC.LSI_VALUE=32000
RCC.MCO2PinFreq_Value=50000000
RCC.PLLCLKFreq_Value=50000000
RCC.PLLI2SPCLKFreq_Value=192000000
RCC.PLLI2SQCLKFreq_Value=192000000
RCC.PLLI2SRCLKFreq_Value=192000000
RCC.PLLI2SRoutputFreq_Value=192000000
RCC.PLLM=4
RCC.PLLN=50
RCC.PLLP=RCC_PLLP_DIV2
RCC.PLLQ=2
RCC.PLLQCLKFreq_Value=50000000
RCC.PLLQoutputFreq_Value=50000000
RCC.PLLSAIPCLKFreq_Value=192000000
RCC.PLLSAIQCLKFreq_Value=192000000
RCC.PLLSAIRCLKFreq_Value=192000000
RCC.PLLSAIoutputFreq_Value=192000000
RCC.PLLSourceVirtual=RCC_PLLSOURCE_HSE
RCC.RNGFreq_Value=50000000
RCC.RTCClockSelection=RCC_RTCCLKSOURCE_LSI
RCC.SAI1Freq_Value=192000000
RCC.SAI2Freq_Value=192000000
RCC.SDMMCFreq_Value=50000000
RCC.SPDIFRXFreq_Value=192000000
RCC.SYSCLKFreq_VALUE=50000000
RCC.SYSCLKSource=RCC_SYSCLKSOURCE_PLLCLK
RCC.SYSCLKSourceVirtual=RCC_SYSCLKSOURCE_PLLCLK
RCC.UART4Freq_Value=50000000
RCC.UART5Freq_Value=50000000
RCC.UART7Freq_Value=50000000
RCC.UART8Freq_Value=50000000
RCC.USART1Freq_Value=50000000
RCC.USART2Freq_Value=50000000
RCC.USART3Freq_Value=50000000
RCC.USART6Freq_Value=50000000
RCC.USBFreq_Value=50000000
RCC.VCOI2SOutputFreq_Value=384000000
RCC.VCOInputFreq_Value=2000000
RCC.VCOOutputFreq_Value=100000000
RCC.VCOSAIOutputFreq_Value=384000000
SH.GPXTI11.0=GPIO_EXTI11
SH.GPXTI11.ConfNb=1
SH.GPXTI2.0=GPIO_EXTI2
SH.GPXTI2.ConfNb=1
SH.GPXTI3.0=GPIO_EXTI3
SH.GPXTI3.ConfNb=1
SH.GPXTI4.0=GPIO_EXTI4
SH.GPXTI4.ConfNb=1
SH.GPXTI5.0=GPIO_EXTI5
SH.GPXTI5.ConfNb=1
TIM7.AutoReloadPreload=TIM_AUTORELOAD_PRELOAD_DISABLE
TIM7.IPParameters=Prescaler,Period,AutoReloadPreload
TIM7.Period=199
TIM7.Prescaler=4999
VP_SYS_VS_Systick.Mode=SysTick
VP_SYS_VS_Systick.Signal=SYS_VS_Systick
VP_TIM7_VS_ClockSourceINT.Mode=Enable_Timer
VP_TIM7_VS_ClockSourceINT.Signal=TIM7_VS_ClockSourceINT
board=custom
