#MicroXplorer Configuration settings - do not modify
CAD.formats=
CAD.pinconfig=
CAD.provider=
CORTEX_M7.IPParameters=default_mode_Activation
CORTEX_M7.default_mode_Activation=1
File.Version=6
GPIO.groupedBy=Group By Peripherals
KeepUserPlacement=false
Mcu.CPN=STM32F746IGT6
Mcu.Family=STM32F7
Mcu.IP0=CORTEX_M7
Mcu.IP1=NVIC
Mcu.IP2=RCC
Mcu.IP3=SYS
Mcu.IPNb=4
Mcu.Name=STM32F746IGTx
Mcu.Package=LQFP176
Mcu.Pin0=PI8
Mcu.Pin1=PI11
Mcu.Pin2=PH4
Mcu.Pin3=PG2
Mcu.Pin4=PG3
Mcu.Pin5=PD4
Mcu.Pin6=PD5
Mcu.Pin7=PB6
Mcu.Pin8=PB7
Mcu.Pin9=VP_SYS_VS_Systick
Mcu.PinsNb=10
Mcu.ThirdPartyNb=0
Mcu.UserConstants=
Mcu.UserName=STM32F746IGTx
MxCube.Version=6.18.1
MxDb.Version=DB.6.0.181
NVIC.BusFault_IRQn=true\:0\:0\:false\:false\:true\:false\:false\:false
NVIC.DebugMonitor_IRQn=true\:0\:0\:false\:false\:true\:false\:false\:false
NVIC.EXTI15_10_IRQn=true\:0\:0\:false\:false\:true\:true\:true\:true
NVIC.EXTI2_IRQn=true\:0\:0\:false\:false\:true\:true\:true\:true
NVIC.EXTI3_IRQn=true\:0\:0\:false\:false\:true\:true\:true\:true
NVIC.EXTI4_IRQn=true\:0\:0\:false\:false\:true\:true\:true\:true
NVIC.EXTI9_5_IRQn=true\:0\:0\:false\:false\:true\:true\:true\:true
NVIC.ForceEnableDMAVector=true
NVIC.HardFault_IRQn=true\:0\:0\:false\:false\:true\:false\:false\:false
NVIC.MemoryManagement_IRQn=true\:0\:0\:false\:false\:true\:false\:false\:false
NVIC.NonMaskableInt_IRQn=true\:0\:0\:false\:false\:true\:false\:false\:false
NVIC.PendSV_IRQn=true\:0\:0\:false\:false\:true\:false\:false\:false
NVIC.PriorityGroup=NVIC_PRIORITYGROUP_4
NVIC.SVCall_IRQn=true\:0\:0\:false\:false\:true\:false\:false\:false
NVIC.SysTick_IRQn=true\:15\:0\:false\:false\:true\:false\:true\:false
NVIC.UsageFault_IRQn=true\:0\:0\:false\:false\:true\:false\:false\:false
PB6.GPIOParameters=GPIO_Label
PB6.GPIO_Label=LED1
PB6.Locked=true
PB6.Signal=GPIO_Output
PB7.GPIOParameters=GPIO_Label
PB7.GPIO_Label=LED2
PB7.Locked=true
PB7.Signal=GPIO_Output
PCC.Bar.Display=Horizontal Bar
PCC.Checker=false
PCC.Display=Plot\: All Steps
PCC.Line=STM32F7x6
PCC.MCU=STM32F746IGTx
PCC.PartNumber=STM32F746IGTx
PCC.SequenceTime=1.0 ms
PCC.SequenceTime.Unit=ms
PCC.Series=STM32F7
PCC.Temperature=25
PCC.Vdd=3.3
PD4.GPIOParameters=GPIO_PuPd,GPIO_Label,GPIO_ModeDefaultEXTI
PD4.GPIO_Label=JOYC
PD4.GPIO_ModeDefaultEXTI=GPIO_MODE_IT_FALLING
PD4.GPIO_PuPd=GPIO_PULLUP
PD4.Locked=true
PD4.Signal=GPXTI4
PD5.GPIOParameters=GPIO_Label
PD5.GPIO_Label=JOYD
PD5.Locked=true
PD5.Signal=GPXTI5
PG2.GPIOParameters=GPIO_Label
PG2.GPIO_Label=JOYA
PG2.Locked=true
PG2.Signal=GPXTI2
PG3.GPIOParameters=GPIO_Label
PG3.GPIO_Label=JOYB
PG3.Locked=true
PG3.Signal=GPXTI3
PH4.GPIOParameters=GPIO_Label
PH4.GPIO_Label=LED3
PH4.Locked=true
PH4.Signal=GPIO_Output
PI11.GPIOParameters=GPIO_Label
PI11.GPIO_Label=JOYCTR
PI11.Locked=true
PI11.Signal=GPXTI11
PI8.GPIOParameters=GPIO_Label
PI8.GPIO_Label=LED4
PI8.Locked=true
PI8.Signal=GPIO_Output
PinOutPanel.RotationAngle=0
ProjectManager.AskForMigrate=true
ProjectManager.BackupPrevious=false
ProjectManager.CompilerLinker=GCC
ProjectManager.CompilerOptimize=6
ProjectManager.ComputerToolchain=false
ProjectManager.CoupleFile=true
ProjectManager.CustomerFirmwarePackage=
ProjectManager.DefaultFWLocation=true
ProjectManager.DeletePrevious=true
ProjectManager.DeviceId=STM32F746IGTx
ProjectManager.FirmwarePackage=STM32Cube FW_F7 V1.17.4
ProjectManager.FreePins=false
ProjectManager.FreePinsContext=
ProjectManager.HalAssertFull=false
ProjectManager.HeapSize=0x200
ProjectManager.KeepUserCode=true
ProjectManager.LastFirmware=true
ProjectManager.LibraryCopy=1
ProjectManager.MainLocation=Core/Src
ProjectManager.NoMain=true
ProjectManager.PreviousToolchain=
ProjectManager.ProjectBuild=false
ProjectManager.ProjectFileName=lab1.ioc
ProjectManager.ProjectName=lab1
ProjectManager.ProjectStructure=
ProjectManager.RegisterCallBack=
ProjectManager.StackSize=0x400
ProjectManager.TargetToolchain=CMake
ProjectManager.ToolChainLocation=
ProjectManager.UAScriptAfterPath=
ProjectManager.UAScriptBeforePath=
ProjectManager.UnderRoot=false
ProjectManager.functionlistsort=1-SystemClock_Config-RCC-false-HAL-false,2-MX_GPIO_Init-GPIO-false-HAL-false,0-MX_CORTEX_M7_Init-CORTEX_M7-false-HAL-true
RCC.CECFreq_Value=32786.88524590164
RCC.FamilyName=M
RCC.HSE_VALUE=25000000
RCC.HSI_VALUE=16000000
RCC.I2SFreq_Value=96000000
RCC.IPParameters=CECFreq_Value,FamilyName,HSE_VALUE,HSI_VALUE,I2SFreq_Value,LCDTFToutputFreq_Value,LSE_VALUE,LSI_VALUE,PLLCLKFreq_Value,PLLI2SPCLKFreq_Value,PLLI2SQCLKFreq_Value,PLLI2SRCLKFreq_Value,PLLQCLKFreq_Value,PLLSAIPCLKFreq_Value,PLLSAIQCLKFreq_Value,PLLSAIRCLKFreq_Value,PLLSAIoutputFreq_Value,RNGFreq_Value,SAI1Freq_Value,SAI2Freq_Value,SDMMCFreq_Value,SPDIFRXFreq_Value,USBFreq_Value,VCOI2SOutputFreq_Value,VCOInputFreq_Value,VCOOutputFreq_Value,VCOSAIOutputFreq_Value
RCC.LCDTFToutputFreq_Value=48000000
RCC.LSE_VALUE=32768
RCC.LSI_VALUE=32000
RCC.PLLCLKFreq_Value=96000000
RCC.PLLI2SPCLKFreq_Value=96000000
RCC.PLLI2SQCLKFreq_Value=96000000
RCC.PLLI2SRCLKFreq_Value=96000000
RCC.PLLQCLKFreq_Value=96000000
RCC.PLLSAIPCLKFreq_Value=96000000
RCC.PLLSAIQCLKFreq_Value=96000000
RCC.PLLSAIRCLKFreq_Value=96000000
RCC.PLLSAIoutputFreq_Value=96000000
RCC.RNGFreq_Value=96000000
RCC.SAI1Freq_Value=96000000
RCC.SAI2Freq_Value=96000000
RCC.SDMMCFreq_Value=16000000
RCC.SPDIFRXFreq_Value=96000000
RCC.USBFreq_Value=96000000
RCC.VCOI2SOutputFreq_Value=192000000
RCC.VCOInputFreq_Value=1000000
RCC.VCOOutputFreq_Value=192000000
RCC.VCOSAIOutputFreq_Value=192000000
SH.GPXTI11.0=GPIO_EXTI11
SH.GPXTI11.ConfNb=1
SH.GPXTI2.0=GPIO_EXTI2
SH.GPXTI2.ConfNb=1
SH.GPXTI3.0=GPIO_EXTI3
SH.GPXTI3.ConfNb=1
SH.GPXTI4.0=GPIO_EXTI4
SH.GPXTI4.ConfNb=1
SH.GPXTI5.0=GPIO_EXTI5
SH.GPXTI5.ConfNb=1
VP_SYS_VS_Systick.Mode=SysTick
VP_SYS_VS_Systick.Signal=SYS_VS_Systick
board=custom
